
Microsoft Visual Studio Solution File, Format Version 12.00
# Visual Studio Version 17
VisualStudioVersion = 17.14.36623.8 d17.14
MinimumVisualStudioVersion = 10.0.40219.1
Project("{FAE04EC0-301F-11D3-BF4B-00C04F79EFBC}") = "WorkoutTracker", "WorkoutTracker.csproj", "{99EDB47E-9C52-4487-9B7D-5FE8BD77BBDB}"
EndProject
Global
	GlobalSection(SolutionConfigurationPlatforms) = preSolution
		Debug|Any CPU = Debug|Any CPU
		Release|Any CPU = Release|Any CPU
	EndGlobalSection
	GlobalSection(ProjectConfigurationPlatforms) = postSolution
		{99EDB47E-9C52-4487-9B7D-5FE8BD77BBDB}.Debug|Any CPU.ActiveCfg = Debug|Any CPU
		{99EDB47E-9C52-4487-9B7D-5FE8BD77BBDB}.Debug|Any CPU.Build.0 = Debug|Any CPU
		{99EDB47E-9C52-4487-9B7D-5FE8BD77BBDB}.Release|Any CPU.ActiveCfg = Release|Any CPU
		{99EDB47E-9C52-4487-9B7D-5FE8BD77BBDB}.Release|Any CPU.Build.0 = Release|Any CPU
	EndGlobalSection
	GlobalSection(SolutionProperties) = preSolution
		HideSolutionNode = FALSE
	EndGlobalSection
	GlobalSection(ExtensibilityGlobals) = postSolution
		SolutionGuid = {B9F24588-7DF4-4EA7-A08A-A7183FF2A06C}
	EndGlobalSection
EndGlobal
